// !$*UTF8*$!
{
	archiveVersion = 1;
	classes = {
	};
	objectVersion = 46;
	objects = {

/* Begin PBXBuildFile section */
		85BFE0931E88C1D7005A63C6 /* main.m in Sources */ = {isa = PBXBuildFile; fileRef = 85BFE0921E88C1D7005A63C6 /* main.m */; };
		85BFE0961E88C1D7005A63C6 /* AppDelegate.m in Sources */ = {isa = PBXBuildFile; fileRef = 85BFE0951E88C1D7005A63C6 /* AppDelegate.m */; };
		85BFE0991E88C1D7005A63C6 /* ViewController.m in Sources */ = {isa = PBXBuildFile; fileRef = 85BFE0981E88C1D7005A63C6 /* ViewController.m */; };
		85BFE09C1E88C1D7005A63C6 /* Main.storyboard in Resources */ = {isa = PBXBuildFile; fileRef = 85BFE09A1E88C1D7005A63C6 /* Main.storyboard */; };
		85BFE09E1E88C1D7005A63C6 /* Assets.xcassets in Resources */ = {isa = PBXBuildFile; fileRef = 85BFE09D1E88C1D7005A63C6 /* Assets.xcassets */; };
		85BFE0A11E88C1D7005A63C6 /* LaunchScreen.storyboard in Resources */ = {isa = PBXBuildFile; fileRef = 85BFE09F1E88C1D7005A63C6 /* LaunchScreen.storyboard */; };
		85BFE0AA1E88C225005A63C6 /* OLManager.m in Sources */ = {isa = PBXBuildFile; fileRef = 85BFE0A91E88C225005A63C6 /* OLManager.m */; };
		85BFE0AD1E88DD90005A63C6 /* OLEmployee.m in Sources */ = {isa = PBXBuildFile; fileRef = 85BFE0AC1E88DD90005A63C6 /* OLEmployee.m */; };
		85FE90241E8A3571000618DE /* OLMVCModel.m in Sources */ = {isa = PBXBuildFile; fileRef = 85FE90231E8A3571000618DE /* OLMVCModel.m */; };
		85FE90271E8A358A000618DE /* OLMVCView.m in Sources */ = {isa = PBXBuildFile; fileRef = 85FE90261E8A358A000618DE /* OLMVCView.m */; };
		85FE902B1E8A35A7000618DE /* OLMVCViewController.m in Sources */ = {isa = PBXBuildFile; fileRef = 85FE90291E8A35A7000618DE /* OLMVCViewController.m */; };
		85FE902C1E8A35A7000618DE /* OLMVCViewController.xib in Resources */ = {isa = PBXBuildFile; fileRef = 85FE902A1E8A35A7000618DE /* OLMVCViewController.xib */; };
/* End PBXBuildFile section */

/* Begin PBXFileReference section */
		85BFE08E1E88C1D7005A63C6 /* OLPrint.app */ = {isa = PBXFileReference; explicitFileType = wrapper.application; includeInIndex = 0; path = OLPrint.app; sourceTree = BUILT_PRODUCTS_DIR; };
		85BFE0921E88C1D7005A63C6 /* main.m */ = {isa = PBXFileReference; lastKnownFileType = sourcecode.c.objc; path = main.m; sourceTree = "<group>"; };
		85BFE0941E88C1D7005A63C6 /* AppDelegate.h */ = {isa = PBXFileReference; lastKnownFileType = sourcecode.c.h; path = AppDelegate.h; sourceTree = "<group>"; };
		85BFE0951E88C1D7005A63C6 /* AppDelegate.m */ = {isa = PBXFileReference; lastKnownFileType = sourcecode.c.objc; path = AppDelegate.m; sourceTree = "<group>"; };
		85BFE0971E88C1D7005A63C6 /* ViewController.h */ = {isa = PBXFileReference; lastKnownFileType = sourcecode.c.h; path = ViewController.h; sourceTree = "<group>"; };
		85BFE0981E88C1D7005A63C6 /* ViewController.m */ = {isa = PBXFileReference; lastKnownFileType = sourcecode.c.objc; path = ViewController.m; sourceTree = "<group>"; };
		85BFE09B1E88C1D7005A63C6 /* Base */ = {isa = PBXFileReference; lastKnownFileType = file.storyboard; name = Base; path = Base.lproj/Main.storyboard; sourceTree = "<group>"; };
		85BFE09D1E88C1D7005A63C6 /* Assets.xcassets */ = {isa = PBXFileReference; lastKnownFileType = folder.assetcatalog; path = Assets.xcassets; sourceTree = "<group>"; };
		85BFE0A01E88C1D7005A63C6 /* Base */ = {isa = PBXFileReference; lastKnownFileType = file.storyboard; name = Base; path = Base.lproj/LaunchScreen.storyboard; sourceTree = "<group>"; };
		85BFE0A21E88C1D7005A63C6 /* Info.plist */ = {isa = PBXFileReference; lastKnownFileType = text.plist.xml; path = Info.plist; sourceTree = "<group>"; };
		85BFE0A81E88C225005A63C6 /* OLManager.h */ = {isa = PBXFileReference; fileEncoding = 4; lastKnownFileType = sourcecode.c.h; path = OLManager.h; sourceTree = "<group>"; };
		85BFE0A91E88C225005A63C6 /* OLManager.m */ = {isa = PBXFileReference; fileEncoding = 4; lastKnownFileType = sourcecode.c.objc; path = OLManager.m; sourceTree = "<group>"; };
		85BFE0AB1E88DD90005A63C6 /* OLEmployee.h */ = {isa = PBXFileReference; fileEncoding = 4; lastKnownFileType = sourcecode.c.h; path = OLEmployee.h; sourceTree = "<group>"; };
		85BFE0AC1E88DD90005A63C6 /* OLEmployee.m */ = {isa = PBXFileReference; fileEncoding = 4; lastKnownFileType = sourcecode.c.objc; path = OLEmployee.m; sourceTree = "<group>"; };
		85BFE0AE1E890EF0005A63C6 /* readme.h */ = {isa = PBXFileReference; fileEncoding = 4; lastKnownFileType = sourcecode.c.h; path = readme.h; sourceTree = "<group>"; };
		85BFE0AF1E891EBC005A63C6 /* OLPrintHead.h */ = {isa = PBXFileReference; lastKnownFileType = sourcecode.c.h; path = OLPrintHead.h; sourceTree = "<group>"; };
		85FE90221E8A3571000618DE /* OLMVCModel.h */ = {isa = PBXFileReference; fileEncoding = 4; lastKnownFileType = sourcecode.c.h; path = OLMVCModel.h; sourceTree = "<group>"; };
		85FE90231E8A3571000618DE /* OLMVCModel.m */ = {isa = PBXFileReference; fileEncoding = 4; lastKnownFileType = sourcecode.c.objc; path = OLMVCModel.m; sourceTree = "<group>"; };
		85FE90251E8A358A000618DE /* OLMVCView.h */ = {isa = PBXFileReference; fileEncoding = 4; lastKnownFileType = sourcecode.c.h; path = OLMVCView.h; sourceTree = "<group>"; };
		85FE90261E8A358A000618DE /* OLMVCView.m */ = {isa = PBXFileReference; fileEncoding = 4; lastKnownFileType = sourcecode.c.objc; path = OLMVCView.m; sourceTree = "<group>"; };
		85FE90281E8A35A7000618DE /* OLMVCViewController.h */ = {isa = PBXFileReference; fileEncoding = 4; lastKnownFileType = sourcecode.c.h; path = OLMVCViewController.h; sourceTree = "<group>"; };
		85FE90291E8A35A7000618DE /* OLMVCViewController.m */ = {isa = PBXFileReference; fileEncoding = 4; lastKnownFileType = sourcecode.c.objc; path = OLMVCViewController.m; sourceTree = "<group>"; };
		85FE902A1E8A35A7000618DE /* OLMVCViewController.xib */ = {isa = PBXFileReference; fileEncoding = 4; lastKnownFileType = file.xib; path = OLMVCViewController.xib; sourceTree = "<group>"; };
/* End PBXFileReference section */

/* Begin PBXFrameworksBuildPhase section */
		85BFE08B1E88C1D7005A63C6 /* Frameworks */ = {
			isa = PBXFrameworksBuildPhase;
			buildActionMask = 2147483647;
			files = (
			);
			runOnlyForDeploymentPostprocessing = 0;
		};
/* End PBXFrameworksBuildPhase section */

/* Begin PBXGroup section */
		85BFE0851E88C1D7005A63C6 = {
			isa = PBXGroup;
			children = (
				85BFE0AE1E890EF0005A63C6 /* readme.h */,
				85BFE0901E88C1D7005A63C6 /* OLPrint */,
				85BFE08F1E88C1D7005A63C6 /* Products */,
			);
			sourceTree = "<group>";
		};
		85BFE08F1E88C1D7005A63C6 /* Products */ = {
			isa = PBXGroup;
			children = (
				85BFE08E1E88C1D7005A63C6 /* OLPrint.app */,
			);
			name = Products;
			sourceTree = "<group>";
		};
		85BFE0901E88C1D7005A63C6 /* OLPrint */ = {
			isa = PBXGroup;
			children = (
				85FE90211E8A3554000618DE /* MVC */,
				85BFE0941E88C1D7005A63C6 /* AppDelegate.h */,
				85BFE0951E88C1D7005A63C6 /* AppDelegate.m */,
				85BFE0971E88C1D7005A63C6 /* ViewController.h */,
				85BFE0981E88C1D7005A63C6 /* ViewController.m */,
				85BFE09A1E88C1D7005A63C6 /* Main.storyboard */,
				85BFE09D1E88C1D7005A63C6 /* Assets.xcassets */,
				85BFE09F1E88C1D7005A63C6 /* LaunchScreen.storyboard */,
				85BFE0A21E88C1D7005A63C6 /* Info.plist */,
				85BFE0911E88C1D7005A63C6 /* Supporting Files */,
				85BFE0A81E88C225005A63C6 /* OLManager.h */,
				85BFE0A91E88C225005A63C6 /* OLManager.m */,
				85BFE0AB1E88DD90005A63C6 /* OLEmployee.h */,
				85BFE0AC1E88DD90005A63C6 /* OLEmployee.m */,
				85BFE0AF1E891EBC005A63C6 /* OLPrintHead.h */,
			);
			path = OLPrint;
			sourceTree = "<group>";
		};
		85BFE0911E88C1D7005A63C6 /* Supporting Files */ = {
			isa = PBXGroup;
			children = (
				85BFE0921E88C1D7005A63C6 /* main.m */,
			);
			name = "Supporting Files";
			sourceTree = "<group>";
		};
		85FE90211E8A3554000618DE /* MVC */ = {
			isa = PBXGroup;
			children = (
				85FE90221E8A3571000618DE /* OLMVCModel.h */,
				85FE90231E8A3571000618DE /* OLMVCModel.m */,
				85FE90251E8A358A000618DE /* OLMVCView.h */,
				85FE90261E8A358A000618DE /* OLMVCView.m */,
				85FE90281E8A35A7000618DE /* OLMVCViewController.h */,
				85FE90291E8A35A7000618DE /* OLMVCViewController.m */,
				85FE902A1E8A35A7000618DE /* OLMVCViewController.xib */,
			);
			name = MVC;
			sourceTree = "<group>";
		};
/* End PBXGroup section */

/* Begin PBXNativeTarget section */
		85BFE08D1E88C1D7005A63C6 /* OLPrint */ = {
			isa = PBXNativeTarget;
			buildConfigurationList = 85BFE0A51E88C1D7005A63C6 /* Build configuration list for PBXNativeTarget "OLPrint" */;
			buildPhases = (
				85BFE08A1E88C1D7005A63C6 /* Sources */,
				85BFE08B1E88C1D7005A63C6 /* Frameworks */,
				85BFE08C1E88C1D7005A63C6 /* Resources */,
			);
			buildRules = (
			);
			dependencies = (
			);
			name = OLPrint;
			productName = OLPrint;
			productReference = 85BFE08E1E88C1D7005A63C6 /* OLPrint.app */;
			productType = "com.apple.product-type.application";
		};
/* End PBXNativeTarget section */

/* Begin PBXProject section */
		85BFE0861E88C1D7005A63C6 /* Project object */ = {
			isa = PBXProject;
			attributes = {
				CLASSPREFIX = OL;
				LastUpgradeCheck = 0820;
				ORGANIZATIONNAME = olive;
				TargetAttributes = {
					85BFE08D1E88C1D7005A63C6 = {
						CreatedOnToolsVersion = 8.2.1;
						ProvisioningStyle = Automatic;
					};
				};
			};
			buildConfigurationList = 85BFE0891E88C1D7005A63C6 /* Build configuration list for PBXProject "OLPrint" */;
			compatibilityVersion = "Xcode 3.2";
			developmentRegion = English;
			hasScannedForEncodings = 0;
			knownRegions = (
				en,
				Base,
			);
			mainGroup = 85BFE0851E88C1D7005A63C6;
			productRefGroup = 85BFE08F1E88C1D7005A63C6 /* Products */;
			projectDirPath = "";
			projectRoot = "";
			targets = (
				85BFE08D1E88C1D7005A63C6 /* OLPrint */,
			);
		};
/* End PBXProject section */

/* Begin PBXResourcesBuildPhase section */
		85BFE08C1E88C1D7005A63C6 /* Resources */ = {
			isa = PBXResourcesBuildPhase;
			buildActionMask = 2147483647;
			files = (
				85FE902C1E8A35A7000618DE /* OLMVCViewController.xib in Resources */,
				85BFE0A11E88C1D7005A63C6 /* LaunchScreen.storyboard in Resources */,
				85BFE09E1E88C1D7005A63C6 /* Assets.xcassets in Resources */,
				85BFE09C1E88C1D7005A63C6 /* Main.storyboard in Resources */,
			);
			runOnlyForDeploymentPostprocessing = 0;
		};
/* End PBXResourcesBuildPhase section */

/* Begin PBXSourcesBuildPhase section */
		85BFE08A1E88C1D7005A63C6 /* Sources */ = {
			isa = PBXSourcesBuildPhase;
			buildActionMask = 2147483647;
			files = (
				85FE902B1E8A35A7000618DE /* OLMVCViewController.m in Sources */,
				85BFE0991E88C1D7005A63C6 /* ViewController.m in Sources */,
				85BFE0961E88C1D7005A63C6 /* AppDelegate.m in Sources */,
				85BFE0AA1E88C225005A63C6 /* OLManager.m in Sources */,
				85FE90271E8A358A000618DE /* OLMVCView.m in Sources */,
				85BFE0931E88C1D7005A63C6 /* main.m in Sources */,
				85BFE0AD1E88DD90005A63C6 /* OLEmployee.m in Sources */,
				85FE90241E8A3571000618DE /* OLMVCModel.m in Sources */,
			);
			runOnlyForDeploymentPostprocessing = 0;
		};
/* End PBXSourcesBuildPhase section */

/* Begin PBXVariantGroup section */
		85BFE09A1E88C1D7005A63C6 /* Main.storyboard */ = {
			isa = PBXVariantGroup;
			children = (
				85BFE09B1E88C1D7005A63C6 /* Base */,
			);
			name = Main.storyboard;
			sourceTree = "<group>";
		};
		85BFE09F1E88C1D7005A63C6 /* LaunchScreen.storyboard */ = {
			isa = PBXVariantGroup;
			children = (
				85BFE0A01E88C1D7005A63C6 /* Base */,
			);
			name = LaunchScreen.storyboard;
			sourceTree = "<group>";
		};
/* End PBXVariantGroup section */

/* Begin XCBuildConfiguration section */
		85BFE0A31E88C1D7005A63C6 /* Debug */ = {
			isa = XCBuildConfiguration;
			buildSettings = {
				ALWAYS_SEARCH_USER_PATHS = NO;
				CLANG_ANALYZER_NONNULL = YES;
				CLANG_CXX_LANGUAGE_STANDARD = "gnu++0x";
				CLANG_CXX_LIBRARY = "libc++";
				CLANG_ENABLE_MODULES = YES;
				CLANG_ENABLE_OBJC_ARC = YES;
				CLANG_WARN_BOOL_CONVERSION = YES;
				CLANG_WARN_CONSTANT_CONVERSION = YES;
				CLANG_WARN_DIRECT_OBJC_ISA_USAGE = YES_ERROR;
				CLANG_WARN_DOCUMENTATION_COMMENTS = YES;
				CLANG_WARN_EMPTY_BODY = YES;
				CLANG_WARN_ENUM_CONVERSION = YES;
				CLANG_WARN_INFINITE_RECURSION = YES;
				CLANG_WARN_INT_CONVERSION = YES;
				CLANG_WARN_OBJC_ROOT_CLASS = YES_ERROR;
				CLANG_WARN_SUSPICIOUS_MOVE = YES;
				CLANG_WARN_UNREACHABLE_CODE = YES;
				CLANG_WARN__DUPLICATE_METHOD_MATCH = YES;
				"CODE_SIGN_IDENTITY[sdk=iphoneos*]" = "iPhone Developer";
				COPY_PHASE_STRIP = NO;
				DEBUG_INFORMATION_FORMAT = dwarf;
				ENABLE_STRICT_OBJC_MSGSEND = YES;
				ENABLE_TESTABILITY = YES;
				GCC_C_LANGUAGE_STANDARD = gnu99;
				GCC_DYNAMIC_NO_PIC = NO;
				GCC_NO_COMMON_BLOCKS = YES;
				GCC_OPTIMIZATION_LEVEL = 0;
				GCC_PREPROCESSOR_DEFINITIONS = (
					"DEBUG=1",
					"$(inherited)",
				);
				GCC_WARN_64_TO_32_BIT_CONVERSION = YES;
				GCC_WARN_ABOUT_RETURN_TYPE = YES_ERROR;
				GCC_WARN_UNDECLARED_SELECTOR = YES;
				GCC_WARN_UNINITIALIZED_AUTOS = YES_AGGRESSIVE;
				GCC_WARN_UNUSED_FUNCTION = YES;
				GCC_WARN_UNUSED_VARIABLE = YES;
				IPHONEOS_DEPLOYMENT_TARGET = 10.2;
				MTL_ENABLE_DEBUG_INFO = YES;
				ONLY_ACTIVE_ARCH = YES;
				SDKROOT = iphoneos;
			};
			name = Debug;
		};
		85BFE0A41E88C1D7005A63C6 /* Release */ = {
			isa = XCBuildConfiguration;
			buildSettings = {
				ALWAYS_SEARCH_USER_PATHS = NO;
				CLANG_ANALYZER_NONNULL = YES;
				CLANG_CXX_LANGUAGE_STANDARD = "gnu++0x";
				CLANG_CXX_LIBRARY = "libc++";
				CLANG_ENABLE_MODULES = YES;
				CLANG_ENABLE_OBJC_ARC = YES;
				CLANG_WARN_BOOL_CONVERSION = YES;
				CLANG_WARN_CONSTANT_CONVERSION = YES;
				CLANG_WARN_DIRECT_OBJC_ISA_USAGE = YES_ERROR;
				CLANG_WARN_DOCUMENTATION_COMMENTS = YES;
				CLANG_WARN_EMPTY_BODY = YES;
				CLANG_WARN_ENUM_CONVERSION = YES;
				CLANG_WARN_INFINITE_RECURSION = YES;
				CLANG_WARN_INT_CONVERSION = YES;
				CLANG_WARN_OBJC_ROOT_CLASS = YES_ERROR;
				CLANG_WARN_SUSPICIOUS_MOVE = YES;
				CLANG_WARN_UNREACHABLE_CODE = YES;
				CLANG_WARN__DUPLICATE_METHOD_MATCH = YES;
				"CODE_SIGN_IDENTITY[sdk=iphoneos*]" = "iPhone Developer";
				COPY_PHASE_STRIP = NO;
				DEBUG_INFORMATION_FORMAT = "dwarf-with-dsym";
				ENABLE_NS_ASSERTIONS = NO;
				ENABLE_STRICT_OBJC_MSGSEND = YES;
				GCC_C_LANGUAGE_STANDARD = gnu99;
				GCC_NO_COMMON_BLOCKS = YES;
				GCC_WARN_64_TO_32_BIT_CONVERSION = YES;
				GCC_WARN_ABOUT_RETURN_TYPE = YES_ERROR;
				GCC_WARN_UNDECLARED_SELECTOR = YES;
				GCC_WARN_UNINITIALIZED_AUTOS = YES_AGGRESSIVE;
				GCC_WARN_UNUSED_FUNCTION = YES;
				GCC_WARN_UNUSED_VARIABLE = YES;
				IPHONEOS_DEPLOYMENT_TARGET = 10.2;
				MTL_ENABLE_DEBUG_INFO = NO;
				SDKROOT = iphoneos;
				VALIDATE_PRODUCT = YES;
			};
			name = Release;
		};
		85BFE0A61E88C1D7005A63C6 /* Debug */ = {
			isa = XCBuildConfiguration;
			buildSettings = {
				ASSETCATALOG_COMPILER_APPICON_NAME = AppIcon;
				INFOPLIST_FILE = OLPrint/Info.plist;
				LD_RUNPATH_SEARCH_PATHS = "$(inherited) @executable_path/Frameworks";
				PRODUCT_BUNDLE_IDENTIFIER = com.olive.OLPrint;
				PRODUCT_NAME = "$(TARGET_NAME)";
			};
			name = Debug;
		};
		85BFE0A71E88C1D7005A63C6 /* Release */ = {
			isa = XCBuildConfiguration;
			buildSettings = {
				ASSETCATALOG_COMPILER_APPICON_NAME = AppIcon;
				INFOPLIST_FILE = OLPrint/Info.plist;
				LD_RUNPATH_SEARCH_PATHS = "$(inherited) @executable_path/Frameworks";
				PRODUCT_BUNDLE_IDENTIFIER = com.olive.OLPrint;
				PRODUCT_NAME = "$(TARGET_NAME)";
			};
			name = Release;
		};
/* End XCBuildConfiguration section */

/* Begin XCConfigurationList section */
		85BFE0891E88C1D7005A63C6 /* Build configuration list for PBXProject "OLPrint" */ = {
			isa = XCConfigurationList;
			buildConfigurations = (
				85BFE0A31E88C1D7005A63C6 /* Debug */,
				85BFE0A41E88C1D7005A63C6 /* Release */,
			);
			defaultConfigurationIsVisible = 0;
			defaultConfigurationName = Release;
		};
		85BFE0A51E88C1D7005A63C6 /* Build configuration list for PBXNativeTarget "OLPrint" */ = {
			isa = XCConfigurationList;
			buildConfigurations = (
				85BFE0A61E88C1D7005A63C6 /* Debug */,
				85BFE0A71E88C1D7005A63C6 /* Release */,
			);
			defaultConfigurationIsVisible = 0;
			defaultConfigurationName = Release;
		};
/* End XCConfigurationList section */
	};
	rootObject = 85BFE0861E88C1D7005A63C6 /* Project object */;
}
